
Microsoft Visual Studio Solution File, Format Version 12.00
# Visual Studio Version 17
VisualStudioVersion = 17.7.34031.279
MinimumVisualStudioVersion = 10.0.40219.1
Project("{FAE04EC0-301F-11D3-BF4B-00C04F79EFBC}") = "CakeBuild", "CakeBuild\CakeBuild.csproj", "{7BA0B263-BA55-4D3A-93B1-FF552CC56E2A}"
EndProject
Project("{FAE04EC0-301F-11D3-BF4B-00C04F79EFBC}") = "OfflineFoodNoSpoil", "OfflineFoodNoSpoil\OfflineFoodNoSpoil.csproj", "{107D309B-1338-478D-8BEC-6109AB832B72}"
EndProject
Global
	GlobalSection(SolutionConfigurationPlatforms) = preSolution
		Debug|Any CPU = Debug|Any CPU
		Release|Any CPU = Release|Any CPU
	EndGlobalSection
	GlobalSection(ProjectConfigurationPlatforms) = postSolution
		{7BA0B263-BA55-4D3A-93B1-FF552CC56E2A}.Debug|Any CPU.ActiveCfg = Debug|Any CPU
		{7BA0B263-BA55-4D3A-93B1-FF552CC56E2A}.Debug|Any CPU.Build.0 = Debug|Any CPU
		{7BA0B263-BA55-4D3A-93B1-FF552CC56E2A}.Release|Any CPU.ActiveCfg = Release|Any CPU
		{7BA0B263-BA55-4D3A-93B1-FF552CC56E2A}.Release|Any CPU.Build.0 = Release|Any CPU
		{107D309B-1338-478D-8BEC-6109AB832B72}.Debug|Any CPU.ActiveCfg = Debug|Any CPU
		{107D309B-1338-478D-8BEC-6109AB832B72}.Debug|Any CPU.Build.0 = Debug|Any CPU
		{107D309B-1338-478D-8BEC-6109AB832B72}.Release|Any CPU.ActiveCfg = Release|Any CPU
		{107D309B-1338-478D-8BEC-6109AB832B72}.Release|Any CPU.Build.0 = Release|Any CPU
	EndGlobalSection
	GlobalSection(SolutionProperties) = preSolution
		HideSolutionNode = FALSE
	EndGlobalSection
	GlobalSection(ExtensibilityGlobals) = postSolution
		SolutionGuid = {74741386-9DCD-42FD-B55F-95A7E9CCBFFF}
	EndGlobalSection
EndGlobal
