<Solution>
  <Folder Name="/Solution Items/">
    <File Path=".editorconfig" />
  </Folder>
  <Folder Name="/Source/">
    <Project Path="src/OfflineFoodNoSpoil/OfflineFoodNoSpoil.csproj" />
  </Folder>
  <Folder Name="/Tests/">
    <Project Path="tests/OfflineFoodNoSpoil.UnitTests/OfflineFoodNoSpoil.UnitTests.csproj" />
  </Folder>
  <Folder Name="/Éléments de solution/">
    <File Path="Directory.Build.props" />
  </Folder>
  <Project Path="CakeBuild/CakeBuild.csproj" />
</Solution>
